
Microsoft Visual Studio Solution File, Format Version 12.00
# Visual Studio Version 16
VisualStudioVersion = 16.0.31613.86
MinimumVisualStudioVersion = 10.0.40219.1
Project("{9A19103F-16F7-4668-BE54-9A1E7A4F7556}") = "First", "First\First.csproj", "{1734767C-A647-4F6A-97C1-5999B0CC8453}"
EndProject
Project("{9A19103F-16F7-4668-BE54-9A1E7A4F7556}") = "Second", "Second\Second.csproj", "{CF55EED2-5FC2-4129-BE39-12D62FBCB630}"
EndProject
Project("{9A19103F-16F7-4668-BE54-9A1E7A4F7556}") = "Third", "Third\Third.csproj", "{F58F0244-A7E1-4816-B10A-1F3F80E42227}"
EndProject
Project("{FAE04EC0-301F-11D3-BF4B-00C04F79EFBC}") = "Fourth", "Fourth\Fourth.csproj", "{EB2E2421-CEE7-4A49-973F-03FBB9E1882E}"
EndProject
Global
	GlobalSection(SolutionConfigurationPlatforms) = preSolution
		Debug|Any CPU = Debug|Any CPU
		Release|Any CPU = Release|Any CPU
	EndGlobalSection
	GlobalSection(ProjectConfigurationPlatforms) = postSolution
		{1734767C-A647-4F6A-97C1-5999B0CC8453}.Debug|Any CPU.ActiveCfg = Debug|Any CPU
		{1734767C-A647-4F6A-97C1-5999B0CC8453}.Debug|Any CPU.Build.0 = Debug|Any CPU
		{1734767C-A647-4F6A-97C1-5999B0CC8453}.Release|Any CPU.ActiveCfg = Release|Any CPU
		{1734767C-A647-4F6A-97C1-5999B0CC8453}.Release|Any CPU.Build.0 = Release|Any CPU
		{CF55EED2-5FC2-4129-BE39-12D62FBCB630}.Debug|Any CPU.ActiveCfg = Debug|Any CPU
		{CF55EED2-5FC2-4129-BE39-12D62FBCB630}.Debug|Any CPU.Build.0 = Debug|Any CPU
		{CF55EED2-5FC2-4129-BE39-12D62FBCB630}.Release|Any CPU.ActiveCfg = Release|Any CPU
		{CF55EED2-5FC2-4129-BE39-12D62FBCB630}.Release|Any CPU.Build.0 = Release|Any CPU
		{F58F0244-A7E1-4816-B10A-1F3F80E42227}.Debug|Any CPU.ActiveCfg = Debug|Any CPU
		{F58F0244-A7E1-4816-B10A-1F3F80E42227}.Debug|Any CPU.Build.0 = Debug|Any CPU
		{F58F0244-A7E1-4816-B10A-1F3F80E42227}.Release|Any CPU.ActiveCfg = Release|Any CPU
		{F58F0244-A7E1-4816-B10A-1F3F80E42227}.Release|Any CPU.Build.0 = Release|Any CPU
		{EB2E2421-CEE7-4A49-973F-03FBB9E1882E}.Debug|Any CPU.ActiveCfg = Debug|Any CPU
		{EB2E2421-CEE7-4A49-973F-03FBB9E1882E}.Debug|Any CPU.Build.0 = Debug|Any CPU
		{EB2E2421-CEE7-4A49-973F-03FBB9E1882E}.Release|Any CPU.ActiveCfg = Release|Any CPU
		{EB2E2421-CEE7-4A49-973F-03FBB9E1882E}.Release|Any CPU.Build.0 = Release|Any CPU
	EndGlobalSection
	GlobalSection(SolutionProperties) = preSolution
		HideSolutionNode = FALSE
	EndGlobalSection
	GlobalSection(ExtensibilityGlobals) = postSolution
		SolutionGuid = {A47FAC02-CFEF-4A70-A769-4F3B5CEF21ED}
	EndGlobalSection
EndGlobal
